
Microsoft Visual Studio Solution File, Format Version 12.00
# Visual Studio Version 17
VisualStudioVersion = 17.2.32630.192
MinimumVisualStudioVersion = 10.0.40219.1
Project("{FAE04EC0-301F-11D3-BF4B-00C04F79EFBC}") = "DTDL2MD", "DTDL2MD.csproj", "{419BD373-4CC4-42A4-9B88-4199B6012B52}"
EndProject
Global
	GlobalSection(SolutionConfigurationPlatforms) = preSolution
		Debug|Any CPU = Debug|Any CPU
		Release|Any CPU = Release|Any CPU
	EndGlobalSection
	GlobalSection(ProjectConfigurationPlatforms) = postSolution
		{419BD373-4CC4-42A4-9B88-4199B6012B52}.Debug|Any CPU.ActiveCfg = Debug|Any CPU
		{419BD373-4CC4-42A4-9B88-4199B6012B52}.Debug|Any CPU.Build.0 = Debug|Any CPU
		{419BD373-4CC4-42A4-9B88-4199B6012B52}.Release|Any CPU.ActiveCfg = Release|Any CPU
		{419BD373-4CC4-42A4-9B88-4199B6012B52}.Release|Any CPU.Build.0 = Release|Any CPU
	EndGlobalSection
	GlobalSection(SolutionProperties) = preSolution
		HideSolutionNode = FALSE
	EndGlobalSection
	GlobalSection(ExtensibilityGlobals) = postSolution
		SolutionGuid = {13C26A3E-6626-4F9E-BF70-D33E304944F1}
	EndGlobalSection
EndGlobal
